
Microsoft Visual Studio Solution File, Format Version 12.00
# Visual Studio 15
VisualStudioVersion = 15.0.28010.2003
MinimumVisualStudioVersion = 10.0.40219.1
Project("{FAE04EC0-301F-11D3-BF4B-00C04F79EFBC}") = "faculdade", "faculdade\faculdade.csproj", "{6ECDC883-D229-4C09-9B69-646BCF23AC12}"
EndProject
Global
	GlobalSection(SolutionConfigurationPlatforms) = preSolution
		Debug|Any CPU = Debug|Any CPU
		Release|Any CPU = Release|Any CPU
	EndGlobalSection
	GlobalSection(ProjectConfigurationPlatforms) = postSolution
		{6ECDC883-D229-4C09-9B69-646BCF23AC12}.Debug|Any CPU.ActiveCfg = Debug|Any CPU
		{6ECDC883-D229-4C09-9B69-646BCF23AC12}.Debug|Any CPU.Build.0 = Debug|Any CPU
		{6ECDC883-D229-4C09-9B69-646BCF23AC12}.Release|Any CPU.ActiveCfg = Release|Any CPU
		{6ECDC883-D229-4C09-9B69-646BCF23AC12}.Release|Any CPU.Build.0 = Release|Any CPU
	EndGlobalSection
	GlobalSection(SolutionProperties) = preSolution
		HideSolutionNode = FALSE
	EndGlobalSection
	GlobalSection(ExtensibilityGlobals) = postSolution
		SolutionGuid = {1B372F6C-CECC-4ED1-A4AB-9F9B7C985177}
	EndGlobalSection
EndGlobal
